// !$*UTF8*$!
{
	archiveVersion = 1;
	classes = {
	};
	objectVersion = 46;
	objects = {

/* Begin PBXFileReference section */
		CA17B40F1D3DE18900980884 /* Euler 8.playground */ = {isa = PBXFileReference; lastKnownFileType = file.playground; name = "Euler 8.playground"; path = "../Euler 8.playground"; sourceTree = "<group>"; };
		CA3CE0461D3C9FD300EB0607 /* Euler4.playground */ = {isa = PBXFileReference; lastKnownFileType = file.playground; name = Euler4.playground; path = ../Euler4.playground; sourceTree = "<group>"; };
		CAB333E21D3D84E10041CF98 /* Euler 6.playground */ = {isa = PBXFileReference; lastKnownFileType = file.playground; name = "Euler 6.playground"; path = "../Euler 6.playground"; sourceTree = "<group>"; };
		CAB989C91D3C7814007ED088 /* Euler Solutions.app */ = {isa = PBXFileReference; explicitFileType = wrapper.application; includeInIndex = 0; path = "Euler Solutions.app"; sourceTree = BUILT_PRODUCTS_DIR; };
		CAB989D81D3C7814007ED088 /* Info.plist */ = {isa = PBXFileReference; lastKnownFileType = text.plist.xml; name = Info.plist; path = "Euler Solutions/Info.plist"; sourceTree = "<group>"; };
		CAB989DE1D3C782F007ED088 /* Euler 1.playground */ = {isa = PBXFileReference; lastKnownFileType = file.playground; path = "Euler 1.playground"; sourceTree = "<group>"; };
		CAB989DF1D3C7FB3007ED088 /* Euler 2.playground */ = {isa = PBXFileReference; lastKnownFileType = file.playground; path = "Euler 2.playground"; sourceTree = "<group>"; };
		CAB989E01D3C8AFE007ED088 /* Euler 3.playground */ = {isa = PBXFileReference; lastKnownFileType = file.playground; name = "Euler 3.playground"; path = "../Euler 3.playground"; sourceTree = "<group>"; };
		CAD6AEDF1D3CAD8D000EE86E /* Euler 5.playground */ = {isa = PBXFileReference; lastKnownFileType = file.playground; name = "Euler 5.playground"; path = "../Euler 5.playground"; sourceTree = "<group>"; };
		CAFA96F71D3DC0EB007E5A0F /* Euler 7.playground */ = {isa = PBXFileReference; lastKnownFileType = file.playground; name = "Euler 7.playground"; path = "../Euler 7.playground"; sourceTree = "<group>"; };
/* End PBXFileReference section */

/* Begin PBXFrameworksBuildPhase section */
		CAB989C61D3C7814007ED088 /* Frameworks */ = {
			isa = PBXFrameworksBuildPhase;
			buildActionMask = 2147483647;
			files = (
			);
			runOnlyForDeploymentPostprocessing = 0;
		};
/* End PBXFrameworksBuildPhase section */

/* Begin PBXGroup section */
		CAB989C01D3C7814007ED088 = {
			isa = PBXGroup;
			children = (
				CAB989CB1D3C7814007ED088 /* Euler Solutions */,
				CAB989CA1D3C7814007ED088 /* Products */,
				CAB989D81D3C7814007ED088 /* Info.plist */,
			);
			sourceTree = "<group>";
		};
		CAB989CA1D3C7814007ED088 /* Products */ = {
			isa = PBXGroup;
			children = (
				CAB989C91D3C7814007ED088 /* Euler Solutions.app */,
			);
			name = Products;
			sourceTree = "<group>";
		};
		CAB989CB1D3C7814007ED088 /* Euler Solutions */ = {
			isa = PBXGroup;
			children = (
				CAB989DE1D3C782F007ED088 /* Euler 1.playground */,
				CAB989DF1D3C7FB3007ED088 /* Euler 2.playground */,
				CAB989E01D3C8AFE007ED088 /* Euler 3.playground */,
				CA3CE0461D3C9FD300EB0607 /* Euler4.playground */,
				CAD6AEDF1D3CAD8D000EE86E /* Euler 5.playground */,
				CAB333E21D3D84E10041CF98 /* Euler 6.playground */,
				CAFA96F71D3DC0EB007E5A0F /* Euler 7.playground */,
				CA17B40F1D3DE18900980884 /* Euler 8.playground */,
			);
			path = "Euler Solutions";
			sourceTree = "<group>";
		};
/* End PBXGroup section */

/* Begin PBXNativeTarget section */
		CAB989C81D3C7814007ED088 /* Euler Solutions */ = {
			isa = PBXNativeTarget;
			buildConfigurationList = CAB989DB1D3C7814007ED088 /* Build configuration list for PBXNativeTarget "Euler Solutions" */;
			buildPhases = (
				CAB989C51D3C7814007ED088 /* Sources */,
				CAB989C61D3C7814007ED088 /* Frameworks */,
				CAB989C71D3C7814007ED088 /* Resources */,
			);
			buildRules = (
			);
			dependencies = (
			);
			name = "Euler Solutions";
			productName = "Euler Solutions";
			productReference = CAB989C91D3C7814007ED088 /* Euler Solutions.app */;
			productType = "com.apple.product-type.application";
		};
/* End PBXNativeTarget section */

/* Begin PBXProject section */
		CAB989C11D3C7814007ED088 /* Project object */ = {
			isa = PBXProject;
			attributes = {
				LastSwiftUpdateCheck = 0730;
				LastUpgradeCheck = 0730;
				ORGANIZATIONNAME = 36ByDesign;
				TargetAttributes = {
					CAB989C81D3C7814007ED088 = {
						CreatedOnToolsVersion = 7.3.1;
						DevelopmentTeam = FQG97V8895;
					};
				};
			};
			buildConfigurationList = CAB989C41D3C7814007ED088 /* Build configuration list for PBXProject "Euler Solutions" */;
			compatibilityVersion = "Xcode 3.2";
			developmentRegion = English;
			hasScannedForEncodings = 0;
			knownRegions = (
				en,
				Base,
			);
			mainGroup = CAB989C01D3C7814007ED088;
			productRefGroup = CAB989CA1D3C7814007ED088 /* Products */;
			projectDirPath = "";
			projectRoot = "";
			targets = (
				CAB989C81D3C7814007ED088 /* Euler Solutions */,
			);
		};
/* End PBXProject section */

/* Begin PBXResourcesBuildPhase section */
		CAB989C71D3C7814007ED088 /* Resources */ = {
			isa = PBXResourcesBuildPhase;
			buildActionMask = 2147483647;
			files = (
			);
			runOnlyForDeploymentPostprocessing = 0;
		};
/* End PBXResourcesBuildPhase section */

/* Begin PBXSourcesBuildPhase section */
		CAB989C51D3C7814007ED088 /* Sources */ = {
			isa = PBXSourcesBuildPhase;
			buildActionMask = 2147483647;
			files = (
			);
			runOnlyForDeploymentPostprocessing = 0;
		};
/* End PBXSourcesBuildPhase section */

/* Begin XCBuildConfiguration section */
		CAB989D91D3C7814007ED088 /* Debug */ = {
			isa = XCBuildConfiguration;
			buildSettings = {
				ALWAYS_SEARCH_USER_PATHS = NO;
				CLANG_ANALYZER_NONNULL = YES;
				CLANG_CXX_LANGUAGE_STANDARD = "gnu++0x";
				CLANG_CXX_LIBRARY = "libc++";
				CLANG_ENABLE_MODULES = YES;
				CLANG_ENABLE_OBJC_ARC = YES;
				CLANG_WARN_BOOL_CONVERSION = YES;
				CLANG_WARN_CONSTANT_CONVERSION = YES;
				CLANG_WARN_DIRECT_OBJC_ISA_USAGE = YES_ERROR;
				CLANG_WARN_EMPTY_BODY = YES;
				CLANG_WARN_ENUM_CONVERSION = YES;
				CLANG_WARN_INT_CONVERSION = YES;
				CLANG_WARN_OBJC_ROOT_CLASS = YES_ERROR;
				CLANG_WARN_UNREACHABLE_CODE = YES;
				CLANG_WARN__DUPLICATE_METHOD_MATCH = YES;
				"CODE_SIGN_IDENTITY[sdk=iphoneos*]" = "iPhone Developer";
				COPY_PHASE_STRIP = NO;
				DEBUG_INFORMATION_FORMAT = dwarf;
				ENABLE_STRICT_OBJC_MSGSEND = YES;
				ENABLE_TESTABILITY = YES;
				GCC_C_LANGUAGE_STANDARD = gnu99;
				GCC_DYNAMIC_NO_PIC = NO;
				GCC_NO_COMMON_BLOCKS = YES;
				GCC_OPTIMIZATION_LEVEL = 0;
				GCC_PREPROCESSOR_DEFINITIONS = (
					"DEBUG=1",
					"$(inherited)",
				);
				GCC_WARN_64_TO_32_BIT_CONVERSION = YES;
				GCC_WARN_ABOUT_RETURN_TYPE = YES_ERROR;
				GCC_WARN_UNDECLARED_SELECTOR = YES;
				GCC_WARN_UNINITIALIZED_AUTOS = YES_AGGRESSIVE;
				GCC_WARN_UNUSED_FUNCTION = YES;
				GCC_WARN_UNUSED_VARIABLE = YES;
				IPHONEOS_DEPLOYMENT_TARGET = 9.3;
				MTL_ENABLE_DEBUG_INFO = YES;
				ONLY_ACTIVE_ARCH = YES;
				SDKROOT = iphoneos;
				SWIFT_OPTIMIZATION_LEVEL = "-Onone";
				TARGETED_DEVICE_FAMILY = "1,2";
			};
			name = Debug;
		};
		CAB989DA1D3C7814007ED088 /* Release */ = {
			isa = XCBuildConfiguration;
			buildSettings = {
				ALWAYS_SEARCH_USER_PATHS = NO;
				CLANG_ANALYZER_NONNULL = YES;
				CLANG_CXX_LANGUAGE_STANDARD = "gnu++0x";
				CLANG_CXX_LIBRARY = "libc++";
				CLANG_ENABLE_MODULES = YES;
				CLANG_ENABLE_OBJC_ARC = YES;
				CLANG_WARN_BOOL_CONVERSION = YES;
				CLANG_WARN_CONSTANT_CONVERSION = YES;
				CLANG_WARN_DIRECT_OBJC_ISA_USAGE = YES_ERROR;
				CLANG_WARN_EMPTY_BODY = YES;
				CLANG_WARN_ENUM_CONVERSION = YES;
				CLANG_WARN_INT_CONVERSION = YES;
				CLANG_WARN_OBJC_ROOT_CLASS = YES_ERROR;
				CLANG_WARN_UNREACHABLE_CODE = YES;
				CLANG_WARN__DUPLICATE_METHOD_MATCH = YES;
				"CODE_SIGN_IDENTITY[sdk=iphoneos*]" = "iPhone Developer";
				COPY_PHASE_STRIP = NO;
				DEBUG_INFORMATION_FORMAT = "dwarf-with-dsym";
				ENABLE_NS_ASSERTIONS = NO;
				ENABLE_STRICT_OBJC_MSGSEND = YES;
				GCC_C_LANGUAGE_STANDARD = gnu99;
				GCC_NO_COMMON_BLOCKS = YES;
				GCC_WARN_64_TO_32_BIT_CONVERSION = YES;
				GCC_WARN_ABOUT_RETURN_TYPE = YES_ERROR;
				GCC_WARN_UNDECLARED_SELECTOR = YES;
				GCC_WARN_UNINITIALIZED_AUTOS = YES_AGGRESSIVE;
				GCC_WARN_UNUSED_FUNCTION = YES;
				GCC_WARN_UNUSED_VARIABLE = YES;
				IPHONEOS_DEPLOYMENT_TARGET = 9.3;
				MTL_ENABLE_DEBUG_INFO = NO;
				SDKROOT = iphoneos;
				TARGETED_DEVICE_FAMILY = "1,2";
				VALIDATE_PRODUCT = YES;
			};
			name = Release;
		};
		CAB989DC1D3C7814007ED088 /* Debug */ = {
			isa = XCBuildConfiguration;
			buildSettings = {
				ASSETCATALOG_COMPILER_APPICON_NAME = AppIcon;
				INFOPLIST_FILE = "Euler Solutions/Info.plist";
				LD_RUNPATH_SEARCH_PATHS = "$(inherited) @executable_path/Frameworks";
				PRODUCT_BUNDLE_IDENTIFIER = "com.36bydesign.com.Euler-Solutions";
				PRODUCT_NAME = "$(TARGET_NAME)";
			};
			name = Debug;
		};
		CAB989DD1D3C7814007ED088 /* Release */ = {
			isa = XCBuildConfiguration;
			buildSettings = {
				ASSETCATALOG_COMPILER_APPICON_NAME = AppIcon;
				INFOPLIST_FILE = "Euler Solutions/Info.plist";
				LD_RUNPATH_SEARCH_PATHS = "$(inherited) @executable_path/Frameworks";
				PRODUCT_BUNDLE_IDENTIFIER = "com.36bydesign.com.Euler-Solutions";
				PRODUCT_NAME = "$(TARGET_NAME)";
			};
			name = Release;
		};
/* End XCBuildConfiguration section */

/* Begin XCConfigurationList section */
		CAB989C41D3C7814007ED088 /* Build configuration list for PBXProject "Euler Solutions" */ = {
			isa = XCConfigurationList;
			buildConfigurations = (
				CAB989D91D3C7814007ED088 /* Debug */,
				CAB989DA1D3C7814007ED088 /* Release */,
			);
			defaultConfigurationIsVisible = 0;
			defaultConfigurationName = Release;
		};
		CAB989DB1D3C7814007ED088 /* Build configuration list for PBXNativeTarget "Euler Solutions" */ = {
			isa = XCConfigurationList;
			buildConfigurations = (
				CAB989DC1D3C7814007ED088 /* Debug */,
				CAB989DD1D3C7814007ED088 /* Release */,
			);
			defaultConfigurationIsVisible = 0;
			defaultConfigurationName = Release;
		};
/* End XCConfigurationList section */
	};
	rootObject = CAB989C11D3C7814007ED088 /* Project object */;
}
